
Microsoft Visual Studio Solution File, Format Version 12.00
# Visual Studio Version 16
VisualStudioVersion = 16.0.30711.63
MinimumVisualStudioVersion = 10.0.40219.1
Project("{FAE04EC0-301F-11D3-BF4B-00C04F79EFBC}") = "app-backend", "app-backend\app-backend.csproj", "{06E1DE78-5DDC-44EB-AF2B-73B36C04B899}"
EndProject
Project("{2150E333-8FDC-42A3-9474-1A3956D46DE8}") = "Users", "Users", "{5A177779-14A5-4A49-85A8-D16D13C83656}"
EndProject
Project("{FAE04EC0-301F-11D3-BF4B-00C04F79EFBC}") = "Users.Application", "Users\Users.Application\Users.Application.csproj", "{65163593-2E92-4347-B2C4-1033ED9976A2}"
EndProject
Project("{FAE04EC0-301F-11D3-BF4B-00C04F79EFBC}") = "Users.Database", "Users\Users.Database\Users.Database.csproj", "{0288383D-605E-489A-8590-ECFCC53C6DE7}"
EndProject
Project("{FAE04EC0-301F-11D3-BF4B-00C04F79EFBC}") = "Users.Domain", "Users\Users.Domain\Users.Domain.csproj", "{9B75D5A7-0513-41A0-BD2D-2D27C2DA5298}"
EndProject
Project("{FAE04EC0-301F-11D3-BF4B-00C04F79EFBC}") = "Users.Api", "Users\Users.Api\Users.Api.csproj", "{0874305F-9669-4669-836C-01E0C7185E5C}"
EndProject
Global
	GlobalSection(SolutionConfigurationPlatforms) = preSolution
		Debug|Any CPU = Debug|Any CPU
		Release|Any CPU = Release|Any CPU
	EndGlobalSection
	GlobalSection(ProjectConfigurationPlatforms) = postSolution
		{06E1DE78-5DDC-44EB-AF2B-73B36C04B899}.Debug|Any CPU.ActiveCfg = Debug|Any CPU
		{06E1DE78-5DDC-44EB-AF2B-73B36C04B899}.Debug|Any CPU.Build.0 = Debug|Any CPU
		{06E1DE78-5DDC-44EB-AF2B-73B36C04B899}.Release|Any CPU.ActiveCfg = Release|Any CPU
		{06E1DE78-5DDC-44EB-AF2B-73B36C04B899}.Release|Any CPU.Build.0 = Release|Any CPU
		{65163593-2E92-4347-B2C4-1033ED9976A2}.Debug|Any CPU.ActiveCfg = Debug|Any CPU
		{65163593-2E92-4347-B2C4-1033ED9976A2}.Debug|Any CPU.Build.0 = Debug|Any CPU
		{65163593-2E92-4347-B2C4-1033ED9976A2}.Release|Any CPU.ActiveCfg = Release|Any CPU
		{65163593-2E92-4347-B2C4-1033ED9976A2}.Release|Any CPU.Build.0 = Release|Any CPU
		{0288383D-605E-489A-8590-ECFCC53C6DE7}.Debug|Any CPU.ActiveCfg = Debug|Any CPU
		{0288383D-605E-489A-8590-ECFCC53C6DE7}.Debug|Any CPU.Build.0 = Debug|Any CPU
		{0288383D-605E-489A-8590-ECFCC53C6DE7}.Release|Any CPU.ActiveCfg = Release|Any CPU
		{0288383D-605E-489A-8590-ECFCC53C6DE7}.Release|Any CPU.Build.0 = Release|Any CPU
		{9B75D5A7-0513-41A0-BD2D-2D27C2DA5298}.Debug|Any CPU.ActiveCfg = Debug|Any CPU
		{9B75D5A7-0513-41A0-BD2D-2D27C2DA5298}.Debug|Any CPU.Build.0 = Debug|Any CPU
		{9B75D5A7-0513-41A0-BD2D-2D27C2DA5298}.Release|Any CPU.ActiveCfg = Release|Any CPU
		{9B75D5A7-0513-41A0-BD2D-2D27C2DA5298}.Release|Any CPU.Build.0 = Release|Any CPU
		{0874305F-9669-4669-836C-01E0C7185E5C}.Debug|Any CPU.ActiveCfg = Debug|Any CPU
		{0874305F-9669-4669-836C-01E0C7185E5C}.Debug|Any CPU.Build.0 = Debug|Any CPU
		{0874305F-9669-4669-836C-01E0C7185E5C}.Release|Any CPU.ActiveCfg = Release|Any CPU
		{0874305F-9669-4669-836C-01E0C7185E5C}.Release|Any CPU.Build.0 = Release|Any CPU
	EndGlobalSection
	GlobalSection(SolutionProperties) = preSolution
		HideSolutionNode = FALSE
	EndGlobalSection
	GlobalSection(NestedProjects) = preSolution
		{65163593-2E92-4347-B2C4-1033ED9976A2} = {5A177779-14A5-4A49-85A8-D16D13C83656}
		{0288383D-605E-489A-8590-ECFCC53C6DE7} = {5A177779-14A5-4A49-85A8-D16D13C83656}
		{9B75D5A7-0513-41A0-BD2D-2D27C2DA5298} = {5A177779-14A5-4A49-85A8-D16D13C83656}
		{0874305F-9669-4669-836C-01E0C7185E5C} = {5A177779-14A5-4A49-85A8-D16D13C83656}
	EndGlobalSection
	GlobalSection(ExtensibilityGlobals) = postSolution
		SolutionGuid = {D062C745-11A0-4261-B0B3-11E49DAEAACF}
	EndGlobalSection
EndGlobal
