
Microsoft Visual Studio Solution File, Format Version 12.00
# Visual Studio Version 17
VisualStudioVersion = 17.0.32014.148
MinimumVisualStudioVersion = 10.0.40219.1
Project("{2150E333-8FDC-42A3-9474-1A3956D46DE8}") = "Users", "Users", "{5A177779-14A5-4A49-85A8-D16D13C83656}"
EndProject
Project("{9A19103F-16F7-4668-BE54-9A1E7A4F7556}") = "Users.Application", "Users\Users.Application\Users.Application.csproj", "{65163593-2E92-4347-B2C4-1033ED9976A2}"
EndProject
Project("{9A19103F-16F7-4668-BE54-9A1E7A4F7556}") = "Users.Domain", "Users\Users.Domain\Users.Domain.csproj", "{9B75D5A7-0513-41A0-BD2D-2D27C2DA5298}"
EndProject
Project("{2150E333-8FDC-42A3-9474-1A3956D46DE8}") = "Core", "Core", "{5D2F94BB-A66B-4F51-99C7-E3C15032EE4D}"
EndProject
Project("{9A19103F-16F7-4668-BE54-9A1E7A4F7556}") = "Core.Application", "Core\Core.Application\Core.Application.csproj", "{55CF7815-68FD-41A5-B3B5-E0304924012A}"
EndProject
Project("{9A19103F-16F7-4668-BE54-9A1E7A4F7556}") = "Core.Domain", "Core\Core.Domain\Core.Domain.csproj", "{09C59530-1D26-49B2-82B4-7E6FB17B3DC3}"
EndProject
Project("{9A19103F-16F7-4668-BE54-9A1E7A4F7556}") = "Users.Database", "Users\Users.Database\Users.Database.csproj", "{1750C159-07D4-45D3-AC09-DB61C50851BD}"
EndProject
Project("{9A19103F-16F7-4668-BE54-9A1E7A4F7556}") = "Core.Api", "Core\Core.Api\Core.Api.csproj", "{0ACEFB13-7D33-43A3-94EE-04B5E7DB63B4}"
EndProject
Project("{9A19103F-16F7-4668-BE54-9A1E7A4F7556}") = "Users.Api", "Users\Users.Api\Users.Api\Users.Api.csproj", "{DF7B3DEE-29DB-4F2D-9E95-A802F2F70BB4}"
EndProject
Project("{9A19103F-16F7-4668-BE54-9A1E7A4F7556}") = "Api", "Api\Api.csproj", "{E7B9FEDD-9B1E-412C-B579-CEA1E3375D20}"
EndProject
Project("{2150E333-8FDC-42A3-9474-1A3956D46DE8}") = "Groups", "Groups", "{4CECBF14-5E13-47E0-BEB7-0BAB27A32A45}"
EndProject
Project("{9A19103F-16F7-4668-BE54-9A1E7A4F7556}") = "Groups.Api", "Groups\Groups.Api\Groups.Api.csproj", "{D6FFFF10-FF6A-4392-93F9-6538739243BD}"
EndProject
Project("{9A19103F-16F7-4668-BE54-9A1E7A4F7556}") = "Groups.Domain", "Groups\Groups.Domain\Groups.Domain.csproj", "{1A3BD494-B19E-4BAE-B4CD-255EC436FE45}"
EndProject
Project("{9A19103F-16F7-4668-BE54-9A1E7A4F7556}") = "Groups.Database", "Groups\Groups.Database\Groups.Database.csproj", "{10C6900D-6291-45EE-B4F4-FE75F3393B60}"
EndProject
Project("{2150E333-8FDC-42A3-9474-1A3956D46DE8}") = "Info", "Info", "{D3DE74C2-D672-40A7-A45E-E146EF28B6C9}"
	ProjectSection(SolutionItems) = preProject
		README.txt = README.txt
	EndProjectSection
EndProject
Project("{9A19103F-16F7-4668-BE54-9A1E7A4F7556}") = "Core.Database", "Core\Core.Database\Core.Database.csproj", "{40596C7B-7A56-4006-B86E-E8EA2092FB25}"
EndProject
Project("{9A19103F-16F7-4668-BE54-9A1E7A4F7556}") = "Groups.Application", "Groups\Groups.Application\Groups.Application.csproj", "{2AB7650C-08FF-49D5-BC7B-0B37CADAF6C7}"
EndProject
Project("{9A19103F-16F7-4668-BE54-9A1E7A4F7556}") = "Core.Services", "Core\Core.Services\Core.Services.csproj", "{CDC7C9FD-ABC3-4E93-95C2-E2F7FDE41D1E}"
EndProject
Project("{2150E333-8FDC-42A3-9474-1A3956D46DE8}") = "Notifications", "Notifications", "{D57A5159-BB3A-4013-B146-19FF33635EAD}"
EndProject
Project("{9A19103F-16F7-4668-BE54-9A1E7A4F7556}") = "Notifications.Api", "Notifications\Notifications.Api\Notifications.Api.csproj", "{F0AB5A69-0EA4-4972-B448-BC4A48F27400}"
EndProject
Project("{9A19103F-16F7-4668-BE54-9A1E7A4F7556}") = "Notifications.Application", "Notifications\Notifications.Application\Notifications.Application.csproj", "{836939C0-2B56-4D37-8DA4-2D4C5590C9B4}"
EndProject
Project("{9A19103F-16F7-4668-BE54-9A1E7A4F7556}") = "Notifications.Domain", "Notifications\Notifications.Domain\Notifications.Domain.csproj", "{AAA1B73F-3646-4899-B509-3EA741D313E9}"
EndProject
Project("{9A19103F-16F7-4668-BE54-9A1E7A4F7556}") = "Notifications.Database", "Notifications\Notifications.Database\Notifications.Database.csproj", "{5295D7F2-F1C7-4B7B-98C1-D70F308F697B}"
EndProject
Project("{2150E333-8FDC-42A3-9474-1A3956D46DE8}") = "Chat", "Chat", "{AE9BB1D4-8DE1-4374-B2CC-D2A6051EE9CB}"
EndProject
Project("{9A19103F-16F7-4668-BE54-9A1E7A4F7556}") = "Chat.Api", "Chat\Chat.Api\Chat.Api.csproj", "{1EE6A157-12F5-4B6F-AD2B-A24205CFD178}"
EndProject
Project("{9A19103F-16F7-4668-BE54-9A1E7A4F7556}") = "Chat.Application", "Chat\Chat.Application\Chat.Application.csproj", "{4AE66C50-7E01-4687-B4AD-AFD1411F96A6}"
EndProject
Project("{9A19103F-16F7-4668-BE54-9A1E7A4F7556}") = "Chat.Domain", "Chat\Chat.Domain\Chat.Domain.csproj", "{54A121E6-49FE-4982-867B-4DF9CA93CA5A}"
EndProject
Project("{9A19103F-16F7-4668-BE54-9A1E7A4F7556}") = "Chat.Database", "Chat\Chat.Database\Chat.Database.csproj", "{9CB8DAD0-2DF9-44CB-9AE0-584FFF346B50}"
EndProject
Project("{2150E333-8FDC-42A3-9474-1A3956D46DE8}") = "test", "test", "{20CD3789-63B3-4AF1-9713-1F1DCB8AA848}"
EndProject
Project("{2150E333-8FDC-42A3-9474-1A3956D46DE8}") = "Chat", "Chat", "{E209A27D-DC61-4C5E-84A8-22C442A9A3A8}"
EndProject
Project("{2150E333-8FDC-42A3-9474-1A3956D46DE8}") = "Core", "Core", "{6C1686B1-BB19-470D-8BB6-F7BBE51C5D46}"
EndProject
Project("{2150E333-8FDC-42A3-9474-1A3956D46DE8}") = "Groups", "Groups", "{2BCB328C-8A0C-404C-90C0-6CBA8761D830}"
EndProject
Project("{2150E333-8FDC-42A3-9474-1A3956D46DE8}") = "Notifications", "Notifications", "{301C192F-DAC8-4C98-B34C-FA282602914B}"
EndProject
Project("{2150E333-8FDC-42A3-9474-1A3956D46DE8}") = "Users", "Users", "{F7D8291D-B952-46BA-8334-1A3B3102EEB3}"
EndProject
Project("{9A19103F-16F7-4668-BE54-9A1E7A4F7556}") = "Chat.Application.Test", "test\Chat\Chat.Test\Chat.Application.Test.csproj", "{B5E615F6-E32B-4942-AEEB-F09BA1C1B62C}"
EndProject
Project("{9A19103F-16F7-4668-BE54-9A1E7A4F7556}") = "Core.Application.Test", "test\Core\Core.Application.Test\Core.Application.Test.csproj", "{FC4BB9A7-9D2C-4670-A0F1-6FB366593E2D}"
EndProject
Project("{9A19103F-16F7-4668-BE54-9A1E7A4F7556}") = "Chat.Domain.Test", "test\Chat\Chat.Domain.Test\Chat.Domain.Test.csproj", "{58B22207-9D80-4B0F-BA04-AB270B711D0B}"
EndProject
Project("{9A19103F-16F7-4668-BE54-9A1E7A4F7556}") = "Core.Domain.Test", "test\Core\Core.Domain.Test\Core.Domain.Test.csproj", "{66BB81D1-B4A0-40F5-8557-B5C154AA0A40}"
EndProject
Project("{9A19103F-16F7-4668-BE54-9A1E7A4F7556}") = "Notifications.Application.Test", "test\Notifications\Notifications.Application.Test\Notifications.Application.Test.csproj", "{77C27626-5D33-4E45-9CFB-CD34619944A0}"
EndProject
Project("{9A19103F-16F7-4668-BE54-9A1E7A4F7556}") = "Users.Application.Test", "test\Users\Users.Application.Test\Users.Application.Test.csproj", "{59AFC960-A82A-4E48-AC0A-2C406465FC32}"
EndProject
Project("{9A19103F-16F7-4668-BE54-9A1E7A4F7556}") = "Groups.Application.Test", "test\Groups\Groups.Application.Test\Groups.Application.Test.csproj", "{B5862027-CDB2-4781-9185-D85D072C410E}"
EndProject
Project("{9A19103F-16F7-4668-BE54-9A1E7A4F7556}") = "Groups.Domain.Test", "test\Groups\Groups.Domain.Test\Groups.Domain.Test.csproj", "{8A72B300-D8EE-4312-9644-37B87B50B9F3}"
EndProject
Project("{2150E333-8FDC-42A3-9474-1A3956D46DE8}") = "Api", "Api", "{6CEB4481-C16A-468F-AF01-79FCCE5EDD2B}"
EndProject
Project("{FAE04EC0-301F-11D3-BF4B-00C04F79EFBC}") = "Swagger", "test\Api\Swagger\Swagger.csproj", "{FA971DB2-7505-4796-994C-DBC08556DCD0}"
EndProject
Project("{FAE04EC0-301F-11D3-BF4B-00C04F79EFBC}") = "Core.Database.Test", "test\Core\Core.Database.Test\Core.Database.Test.csproj", "{8148523A-206E-4EB7-9C04-7A3EE950171F}"
EndProject
Project("{FAE04EC0-301F-11D3-BF4B-00C04F79EFBC}") = "Users.Database.Test", "test\Users\Users.Database.Test\Users.Database.Test.csproj", "{3A6BF410-6C6D-4F74-89E6-BAB7966CD3C4}"
EndProject
Project("{FAE04EC0-301F-11D3-BF4B-00C04F79EFBC}") = "Groups.Database.Test", "test\Groups\Groups.Database.Test\Groups.Database.Test.csproj", "{529CE89C-A374-4009-86AC-8E6AA8EA0D91}"
EndProject
Project("{FAE04EC0-301F-11D3-BF4B-00C04F79EFBC}") = "Notifications.Database.Test", "test\Notifications\Notifications.Database.Test\Notifications.Database.Test.csproj", "{6CE59CD9-7B96-4E4E-98A5-D5830D8E1203}"
EndProject
Project("{FAE04EC0-301F-11D3-BF4B-00C04F79EFBC}") = "Chat.Database.Test", "test\Chat\Chat.Database.Test\Chat.Database.Test.csproj", "{96F0CB09-1BA8-4F07-A7DD-36F3A2CA7CAC}"
EndProject
Global
	GlobalSection(SolutionConfigurationPlatforms) = preSolution
		Debug|Any CPU = Debug|Any CPU
		Release|Any CPU = Release|Any CPU
	EndGlobalSection
	GlobalSection(ProjectConfigurationPlatforms) = postSolution
		{65163593-2E92-4347-B2C4-1033ED9976A2}.Debug|Any CPU.ActiveCfg = Debug|Any CPU
		{65163593-2E92-4347-B2C4-1033ED9976A2}.Debug|Any CPU.Build.0 = Debug|Any CPU
		{65163593-2E92-4347-B2C4-1033ED9976A2}.Release|Any CPU.ActiveCfg = Release|Any CPU
		{65163593-2E92-4347-B2C4-1033ED9976A2}.Release|Any CPU.Build.0 = Release|Any CPU
		{9B75D5A7-0513-41A0-BD2D-2D27C2DA5298}.Debug|Any CPU.ActiveCfg = Debug|Any CPU
		{9B75D5A7-0513-41A0-BD2D-2D27C2DA5298}.Debug|Any CPU.Build.0 = Debug|Any CPU
		{9B75D5A7-0513-41A0-BD2D-2D27C2DA5298}.Release|Any CPU.ActiveCfg = Release|Any CPU
		{9B75D5A7-0513-41A0-BD2D-2D27C2DA5298}.Release|Any CPU.Build.0 = Release|Any CPU
		{55CF7815-68FD-41A5-B3B5-E0304924012A}.Debug|Any CPU.ActiveCfg = Debug|Any CPU
		{55CF7815-68FD-41A5-B3B5-E0304924012A}.Debug|Any CPU.Build.0 = Debug|Any CPU
		{55CF7815-68FD-41A5-B3B5-E0304924012A}.Release|Any CPU.ActiveCfg = Release|Any CPU
		{55CF7815-68FD-41A5-B3B5-E0304924012A}.Release|Any CPU.Build.0 = Release|Any CPU
		{09C59530-1D26-49B2-82B4-7E6FB17B3DC3}.Debug|Any CPU.ActiveCfg = Debug|Any CPU
		{09C59530-1D26-49B2-82B4-7E6FB17B3DC3}.Debug|Any CPU.Build.0 = Debug|Any CPU
		{09C59530-1D26-49B2-82B4-7E6FB17B3DC3}.Release|Any CPU.ActiveCfg = Release|Any CPU
		{09C59530-1D26-49B2-82B4-7E6FB17B3DC3}.Release|Any CPU.Build.0 = Release|Any CPU
		{1750C159-07D4-45D3-AC09-DB61C50851BD}.Debug|Any CPU.ActiveCfg = Debug|Any CPU
		{1750C159-07D4-45D3-AC09-DB61C50851BD}.Debug|Any CPU.Build.0 = Debug|Any CPU
		{1750C159-07D4-45D3-AC09-DB61C50851BD}.Release|Any CPU.ActiveCfg = Release|Any CPU
		{1750C159-07D4-45D3-AC09-DB61C50851BD}.Release|Any CPU.Build.0 = Release|Any CPU
		{0ACEFB13-7D33-43A3-94EE-04B5E7DB63B4}.Debug|Any CPU.ActiveCfg = Debug|Any CPU
		{0ACEFB13-7D33-43A3-94EE-04B5E7DB63B4}.Debug|Any CPU.Build.0 = Debug|Any CPU
		{0ACEFB13-7D33-43A3-94EE-04B5E7DB63B4}.Release|Any CPU.ActiveCfg = Release|Any CPU
		{0ACEFB13-7D33-43A3-94EE-04B5E7DB63B4}.Release|Any CPU.Build.0 = Release|Any CPU
		{DF7B3DEE-29DB-4F2D-9E95-A802F2F70BB4}.Debug|Any CPU.ActiveCfg = Debug|Any CPU
		{DF7B3DEE-29DB-4F2D-9E95-A802F2F70BB4}.Debug|Any CPU.Build.0 = Debug|Any CPU
		{DF7B3DEE-29DB-4F2D-9E95-A802F2F70BB4}.Release|Any CPU.ActiveCfg = Release|Any CPU
		{DF7B3DEE-29DB-4F2D-9E95-A802F2F70BB4}.Release|Any CPU.Build.0 = Release|Any CPU
		{E7B9FEDD-9B1E-412C-B579-CEA1E3375D20}.Debug|Any CPU.ActiveCfg = Debug|Any CPU
		{E7B9FEDD-9B1E-412C-B579-CEA1E3375D20}.Debug|Any CPU.Build.0 = Debug|Any CPU
		{E7B9FEDD-9B1E-412C-B579-CEA1E3375D20}.Release|Any CPU.ActiveCfg = Release|Any CPU
		{E7B9FEDD-9B1E-412C-B579-CEA1E3375D20}.Release|Any CPU.Build.0 = Release|Any CPU
		{D6FFFF10-FF6A-4392-93F9-6538739243BD}.Debug|Any CPU.ActiveCfg = Debug|Any CPU
		{D6FFFF10-FF6A-4392-93F9-6538739243BD}.Debug|Any CPU.Build.0 = Debug|Any CPU
		{D6FFFF10-FF6A-4392-93F9-6538739243BD}.Release|Any CPU.ActiveCfg = Release|Any CPU
		{D6FFFF10-FF6A-4392-93F9-6538739243BD}.Release|Any CPU.Build.0 = Release|Any CPU
		{1A3BD494-B19E-4BAE-B4CD-255EC436FE45}.Debug|Any CPU.ActiveCfg = Debug|Any CPU
		{1A3BD494-B19E-4BAE-B4CD-255EC436FE45}.Debug|Any CPU.Build.0 = Debug|Any CPU
		{1A3BD494-B19E-4BAE-B4CD-255EC436FE45}.Release|Any CPU.ActiveCfg = Release|Any CPU
		{1A3BD494-B19E-4BAE-B4CD-255EC436FE45}.Release|Any CPU.Build.0 = Release|Any CPU
		{10C6900D-6291-45EE-B4F4-FE75F3393B60}.Debug|Any CPU.ActiveCfg = Debug|Any CPU
		{10C6900D-6291-45EE-B4F4-FE75F3393B60}.Debug|Any CPU.Build.0 = Debug|Any CPU
		{10C6900D-6291-45EE-B4F4-FE75F3393B60}.Release|Any CPU.ActiveCfg = Release|Any CPU
		{10C6900D-6291-45EE-B4F4-FE75F3393B60}.Release|Any CPU.Build.0 = Release|Any CPU
		{40596C7B-7A56-4006-B86E-E8EA2092FB25}.Debug|Any CPU.ActiveCfg = Debug|Any CPU
		{40596C7B-7A56-4006-B86E-E8EA2092FB25}.Debug|Any CPU.Build.0 = Debug|Any CPU
		{40596C7B-7A56-4006-B86E-E8EA2092FB25}.Release|Any CPU.ActiveCfg = Release|Any CPU
		{40596C7B-7A56-4006-B86E-E8EA2092FB25}.Release|Any CPU.Build.0 = Release|Any CPU
		{2AB7650C-08FF-49D5-BC7B-0B37CADAF6C7}.Debug|Any CPU.ActiveCfg = Debug|Any CPU
		{2AB7650C-08FF-49D5-BC7B-0B37CADAF6C7}.Debug|Any CPU.Build.0 = Debug|Any CPU
		{2AB7650C-08FF-49D5-BC7B-0B37CADAF6C7}.Release|Any CPU.ActiveCfg = Release|Any CPU
		{2AB7650C-08FF-49D5-BC7B-0B37CADAF6C7}.Release|Any CPU.Build.0 = Release|Any CPU
		{CDC7C9FD-ABC3-4E93-95C2-E2F7FDE41D1E}.Debug|Any CPU.ActiveCfg = Debug|Any CPU
		{CDC7C9FD-ABC3-4E93-95C2-E2F7FDE41D1E}.Debug|Any CPU.Build.0 = Debug|Any CPU
		{CDC7C9FD-ABC3-4E93-95C2-E2F7FDE41D1E}.Release|Any CPU.ActiveCfg = Release|Any CPU
		{CDC7C9FD-ABC3-4E93-95C2-E2F7FDE41D1E}.Release|Any CPU.Build.0 = Release|Any CPU
		{F0AB5A69-0EA4-4972-B448-BC4A48F27400}.Debug|Any CPU.ActiveCfg = Debug|Any CPU
		{F0AB5A69-0EA4-4972-B448-BC4A48F27400}.Debug|Any CPU.Build.0 = Debug|Any CPU
		{F0AB5A69-0EA4-4972-B448-BC4A48F27400}.Release|Any CPU.ActiveCfg = Release|Any CPU
		{F0AB5A69-0EA4-4972-B448-BC4A48F27400}.Release|Any CPU.Build.0 = Release|Any CPU
		{836939C0-2B56-4D37-8DA4-2D4C5590C9B4}.Debug|Any CPU.ActiveCfg = Debug|Any CPU
		{836939C0-2B56-4D37-8DA4-2D4C5590C9B4}.Debug|Any CPU.Build.0 = Debug|Any CPU
		{836939C0-2B56-4D37-8DA4-2D4C5590C9B4}.Release|Any CPU.ActiveCfg = Release|Any CPU
		{836939C0-2B56-4D37-8DA4-2D4C5590C9B4}.Release|Any CPU.Build.0 = Release|Any CPU
		{AAA1B73F-3646-4899-B509-3EA741D313E9}.Debug|Any CPU.ActiveCfg = Debug|Any CPU
		{AAA1B73F-3646-4899-B509-3EA741D313E9}.Debug|Any CPU.Build.0 = Debug|Any CPU
		{AAA1B73F-3646-4899-B509-3EA741D313E9}.Release|Any CPU.ActiveCfg = Release|Any CPU
		{AAA1B73F-3646-4899-B509-3EA741D313E9}.Release|Any CPU.Build.0 = Release|Any CPU
		{5295D7F2-F1C7-4B7B-98C1-D70F308F697B}.Debug|Any CPU.ActiveCfg = Debug|Any CPU
		{5295D7F2-F1C7-4B7B-98C1-D70F308F697B}.Debug|Any CPU.Build.0 = Debug|Any CPU
		{5295D7F2-F1C7-4B7B-98C1-D70F308F697B}.Release|Any CPU.ActiveCfg = Release|Any CPU
		{5295D7F2-F1C7-4B7B-98C1-D70F308F697B}.Release|Any CPU.Build.0 = Release|Any CPU
		{1EE6A157-12F5-4B6F-AD2B-A24205CFD178}.Debug|Any CPU.ActiveCfg = Debug|Any CPU
		{1EE6A157-12F5-4B6F-AD2B-A24205CFD178}.Debug|Any CPU.Build.0 = Debug|Any CPU
		{1EE6A157-12F5-4B6F-AD2B-A24205CFD178}.Release|Any CPU.ActiveCfg = Release|Any CPU
		{1EE6A157-12F5-4B6F-AD2B-A24205CFD178}.Release|Any CPU.Build.0 = Release|Any CPU
		{4AE66C50-7E01-4687-B4AD-AFD1411F96A6}.Debug|Any CPU.ActiveCfg = Debug|Any CPU
		{4AE66C50-7E01-4687-B4AD-AFD1411F96A6}.Debug|Any CPU.Build.0 = Debug|Any CPU
		{4AE66C50-7E01-4687-B4AD-AFD1411F96A6}.Release|Any CPU.ActiveCfg = Release|Any CPU
		{4AE66C50-7E01-4687-B4AD-AFD1411F96A6}.Release|Any CPU.Build.0 = Release|Any CPU
		{54A121E6-49FE-4982-867B-4DF9CA93CA5A}.Debug|Any CPU.ActiveCfg = Debug|Any CPU
		{54A121E6-49FE-4982-867B-4DF9CA93CA5A}.Debug|Any CPU.Build.0 = Debug|Any CPU
		{54A121E6-49FE-4982-867B-4DF9CA93CA5A}.Release|Any CPU.ActiveCfg = Release|Any CPU
		{54A121E6-49FE-4982-867B-4DF9CA93CA5A}.Release|Any CPU.Build.0 = Release|Any CPU
		{9CB8DAD0-2DF9-44CB-9AE0-584FFF346B50}.Debug|Any CPU.ActiveCfg = Debug|Any CPU
		{9CB8DAD0-2DF9-44CB-9AE0-584FFF346B50}.Debug|Any CPU.Build.0 = Debug|Any CPU
		{9CB8DAD0-2DF9-44CB-9AE0-584FFF346B50}.Release|Any CPU.ActiveCfg = Release|Any CPU
		{9CB8DAD0-2DF9-44CB-9AE0-584FFF346B50}.Release|Any CPU.Build.0 = Release|Any CPU
		{B5E615F6-E32B-4942-AEEB-F09BA1C1B62C}.Debug|Any CPU.ActiveCfg = Debug|Any CPU
		{B5E615F6-E32B-4942-AEEB-F09BA1C1B62C}.Debug|Any CPU.Build.0 = Debug|Any CPU
		{B5E615F6-E32B-4942-AEEB-F09BA1C1B62C}.Release|Any CPU.ActiveCfg = Release|Any CPU
		{B5E615F6-E32B-4942-AEEB-F09BA1C1B62C}.Release|Any CPU.Build.0 = Release|Any CPU
		{FC4BB9A7-9D2C-4670-A0F1-6FB366593E2D}.Debug|Any CPU.ActiveCfg = Debug|Any CPU
		{FC4BB9A7-9D2C-4670-A0F1-6FB366593E2D}.Debug|Any CPU.Build.0 = Debug|Any CPU
		{FC4BB9A7-9D2C-4670-A0F1-6FB366593E2D}.Release|Any CPU.ActiveCfg = Release|Any CPU
		{FC4BB9A7-9D2C-4670-A0F1-6FB366593E2D}.Release|Any CPU.Build.0 = Release|Any CPU
		{58B22207-9D80-4B0F-BA04-AB270B711D0B}.Debug|Any CPU.ActiveCfg = Debug|Any CPU
		{58B22207-9D80-4B0F-BA04-AB270B711D0B}.Debug|Any CPU.Build.0 = Debug|Any CPU
		{58B22207-9D80-4B0F-BA04-AB270B711D0B}.Release|Any CPU.ActiveCfg = Release|Any CPU
		{58B22207-9D80-4B0F-BA04-AB270B711D0B}.Release|Any CPU.Build.0 = Release|Any CPU
		{66BB81D1-B4A0-40F5-8557-B5C154AA0A40}.Debug|Any CPU.ActiveCfg = Debug|Any CPU
		{66BB81D1-B4A0-40F5-8557-B5C154AA0A40}.Debug|Any CPU.Build.0 = Debug|Any CPU
		{66BB81D1-B4A0-40F5-8557-B5C154AA0A40}.Release|Any CPU.ActiveCfg = Release|Any CPU
		{66BB81D1-B4A0-40F5-8557-B5C154AA0A40}.Release|Any CPU.Build.0 = Release|Any CPU
		{77C27626-5D33-4E45-9CFB-CD34619944A0}.Debug|Any CPU.ActiveCfg = Debug|Any CPU
		{77C27626-5D33-4E45-9CFB-CD34619944A0}.Debug|Any CPU.Build.0 = Debug|Any CPU
		{77C27626-5D33-4E45-9CFB-CD34619944A0}.Release|Any CPU.ActiveCfg = Release|Any CPU
		{77C27626-5D33-4E45-9CFB-CD34619944A0}.Release|Any CPU.Build.0 = Release|Any CPU
		{59AFC960-A82A-4E48-AC0A-2C406465FC32}.Debug|Any CPU.ActiveCfg = Debug|Any CPU
		{59AFC960-A82A-4E48-AC0A-2C406465FC32}.Debug|Any CPU.Build.0 = Debug|Any CPU
		{59AFC960-A82A-4E48-AC0A-2C406465FC32}.Release|Any CPU.ActiveCfg = Release|Any CPU
		{59AFC960-A82A-4E48-AC0A-2C406465FC32}.Release|Any CPU.Build.0 = Release|Any CPU
		{B5862027-CDB2-4781-9185-D85D072C410E}.Debug|Any CPU.ActiveCfg = Debug|Any CPU
		{B5862027-CDB2-4781-9185-D85D072C410E}.Debug|Any CPU.Build.0 = Debug|Any CPU
		{B5862027-CDB2-4781-9185-D85D072C410E}.Release|Any CPU.ActiveCfg = Release|Any CPU
		{B5862027-CDB2-4781-9185-D85D072C410E}.Release|Any CPU.Build.0 = Release|Any CPU
		{8A72B300-D8EE-4312-9644-37B87B50B9F3}.Debug|Any CPU.ActiveCfg = Debug|Any CPU
		{8A72B300-D8EE-4312-9644-37B87B50B9F3}.Debug|Any CPU.Build.0 = Debug|Any CPU
		{8A72B300-D8EE-4312-9644-37B87B50B9F3}.Release|Any CPU.ActiveCfg = Release|Any CPU
		{8A72B300-D8EE-4312-9644-37B87B50B9F3}.Release|Any CPU.Build.0 = Release|Any CPU
		{FA971DB2-7505-4796-994C-DBC08556DCD0}.Debug|Any CPU.ActiveCfg = Debug|Any CPU
		{FA971DB2-7505-4796-994C-DBC08556DCD0}.Debug|Any CPU.Build.0 = Debug|Any CPU
		{FA971DB2-7505-4796-994C-DBC08556DCD0}.Release|Any CPU.ActiveCfg = Release|Any CPU
		{FA971DB2-7505-4796-994C-DBC08556DCD0}.Release|Any CPU.Build.0 = Release|Any CPU
		{8148523A-206E-4EB7-9C04-7A3EE950171F}.Debug|Any CPU.ActiveCfg = Debug|Any CPU
		{8148523A-206E-4EB7-9C04-7A3EE950171F}.Debug|Any CPU.Build.0 = Debug|Any CPU
		{8148523A-206E-4EB7-9C04-7A3EE950171F}.Release|Any CPU.ActiveCfg = Release|Any CPU
		{8148523A-206E-4EB7-9C04-7A3EE950171F}.Release|Any CPU.Build.0 = Release|Any CPU
		{3A6BF410-6C6D-4F74-89E6-BAB7966CD3C4}.Debug|Any CPU.ActiveCfg = Debug|Any CPU
		{3A6BF410-6C6D-4F74-89E6-BAB7966CD3C4}.Debug|Any CPU.Build.0 = Debug|Any CPU
		{3A6BF410-6C6D-4F74-89E6-BAB7966CD3C4}.Release|Any CPU.ActiveCfg = Release|Any CPU
		{3A6BF410-6C6D-4F74-89E6-BAB7966CD3C4}.Release|Any CPU.Build.0 = Release|Any CPU
		{529CE89C-A374-4009-86AC-8E6AA8EA0D91}.Debug|Any CPU.ActiveCfg = Debug|Any CPU
		{529CE89C-A374-4009-86AC-8E6AA8EA0D91}.Debug|Any CPU.Build.0 = Debug|Any CPU
		{529CE89C-A374-4009-86AC-8E6AA8EA0D91}.Release|Any CPU.ActiveCfg = Release|Any CPU
		{529CE89C-A374-4009-86AC-8E6AA8EA0D91}.Release|Any CPU.Build.0 = Release|Any CPU
		{6CE59CD9-7B96-4E4E-98A5-D5830D8E1203}.Debug|Any CPU.ActiveCfg = Debug|Any CPU
		{6CE59CD9-7B96-4E4E-98A5-D5830D8E1203}.Debug|Any CPU.Build.0 = Debug|Any CPU
		{6CE59CD9-7B96-4E4E-98A5-D5830D8E1203}.Release|Any CPU.ActiveCfg = Release|Any CPU
		{6CE59CD9-7B96-4E4E-98A5-D5830D8E1203}.Release|Any CPU.Build.0 = Release|Any CPU
		{96F0CB09-1BA8-4F07-A7DD-36F3A2CA7CAC}.Debug|Any CPU.ActiveCfg = Debug|Any CPU
		{96F0CB09-1BA8-4F07-A7DD-36F3A2CA7CAC}.Debug|Any CPU.Build.0 = Debug|Any CPU
		{96F0CB09-1BA8-4F07-A7DD-36F3A2CA7CAC}.Release|Any CPU.ActiveCfg = Release|Any CPU
		{96F0CB09-1BA8-4F07-A7DD-36F3A2CA7CAC}.Release|Any CPU.Build.0 = Release|Any CPU
	EndGlobalSection
	GlobalSection(SolutionProperties) = preSolution
		HideSolutionNode = FALSE
	EndGlobalSection
	GlobalSection(NestedProjects) = preSolution
		{65163593-2E92-4347-B2C4-1033ED9976A2} = {5A177779-14A5-4A49-85A8-D16D13C83656}
		{9B75D5A7-0513-41A0-BD2D-2D27C2DA5298} = {5A177779-14A5-4A49-85A8-D16D13C83656}
		{55CF7815-68FD-41A5-B3B5-E0304924012A} = {5D2F94BB-A66B-4F51-99C7-E3C15032EE4D}
		{09C59530-1D26-49B2-82B4-7E6FB17B3DC3} = {5D2F94BB-A66B-4F51-99C7-E3C15032EE4D}
		{1750C159-07D4-45D3-AC09-DB61C50851BD} = {5A177779-14A5-4A49-85A8-D16D13C83656}
		{0ACEFB13-7D33-43A3-94EE-04B5E7DB63B4} = {5D2F94BB-A66B-4F51-99C7-E3C15032EE4D}
		{DF7B3DEE-29DB-4F2D-9E95-A802F2F70BB4} = {5A177779-14A5-4A49-85A8-D16D13C83656}
		{D6FFFF10-FF6A-4392-93F9-6538739243BD} = {4CECBF14-5E13-47E0-BEB7-0BAB27A32A45}
		{1A3BD494-B19E-4BAE-B4CD-255EC436FE45} = {4CECBF14-5E13-47E0-BEB7-0BAB27A32A45}
		{10C6900D-6291-45EE-B4F4-FE75F3393B60} = {4CECBF14-5E13-47E0-BEB7-0BAB27A32A45}
		{40596C7B-7A56-4006-B86E-E8EA2092FB25} = {5D2F94BB-A66B-4F51-99C7-E3C15032EE4D}
		{2AB7650C-08FF-49D5-BC7B-0B37CADAF6C7} = {4CECBF14-5E13-47E0-BEB7-0BAB27A32A45}
		{CDC7C9FD-ABC3-4E93-95C2-E2F7FDE41D1E} = {5D2F94BB-A66B-4F51-99C7-E3C15032EE4D}
		{F0AB5A69-0EA4-4972-B448-BC4A48F27400} = {D57A5159-BB3A-4013-B146-19FF33635EAD}
		{836939C0-2B56-4D37-8DA4-2D4C5590C9B4} = {D57A5159-BB3A-4013-B146-19FF33635EAD}
		{AAA1B73F-3646-4899-B509-3EA741D313E9} = {D57A5159-BB3A-4013-B146-19FF33635EAD}
		{5295D7F2-F1C7-4B7B-98C1-D70F308F697B} = {D57A5159-BB3A-4013-B146-19FF33635EAD}
		{1EE6A157-12F5-4B6F-AD2B-A24205CFD178} = {AE9BB1D4-8DE1-4374-B2CC-D2A6051EE9CB}
		{4AE66C50-7E01-4687-B4AD-AFD1411F96A6} = {AE9BB1D4-8DE1-4374-B2CC-D2A6051EE9CB}
		{54A121E6-49FE-4982-867B-4DF9CA93CA5A} = {AE9BB1D4-8DE1-4374-B2CC-D2A6051EE9CB}
		{9CB8DAD0-2DF9-44CB-9AE0-584FFF346B50} = {AE9BB1D4-8DE1-4374-B2CC-D2A6051EE9CB}
		{E209A27D-DC61-4C5E-84A8-22C442A9A3A8} = {20CD3789-63B3-4AF1-9713-1F1DCB8AA848}
		{6C1686B1-BB19-470D-8BB6-F7BBE51C5D46} = {20CD3789-63B3-4AF1-9713-1F1DCB8AA848}
		{2BCB328C-8A0C-404C-90C0-6CBA8761D830} = {20CD3789-63B3-4AF1-9713-1F1DCB8AA848}
		{301C192F-DAC8-4C98-B34C-FA282602914B} = {20CD3789-63B3-4AF1-9713-1F1DCB8AA848}
		{F7D8291D-B952-46BA-8334-1A3B3102EEB3} = {20CD3789-63B3-4AF1-9713-1F1DCB8AA848}
		{B5E615F6-E32B-4942-AEEB-F09BA1C1B62C} = {E209A27D-DC61-4C5E-84A8-22C442A9A3A8}
		{FC4BB9A7-9D2C-4670-A0F1-6FB366593E2D} = {6C1686B1-BB19-470D-8BB6-F7BBE51C5D46}
		{58B22207-9D80-4B0F-BA04-AB270B711D0B} = {E209A27D-DC61-4C5E-84A8-22C442A9A3A8}
		{66BB81D1-B4A0-40F5-8557-B5C154AA0A40} = {6C1686B1-BB19-470D-8BB6-F7BBE51C5D46}
		{77C27626-5D33-4E45-9CFB-CD34619944A0} = {301C192F-DAC8-4C98-B34C-FA282602914B}
		{59AFC960-A82A-4E48-AC0A-2C406465FC32} = {F7D8291D-B952-46BA-8334-1A3B3102EEB3}
		{B5862027-CDB2-4781-9185-D85D072C410E} = {2BCB328C-8A0C-404C-90C0-6CBA8761D830}
		{8A72B300-D8EE-4312-9644-37B87B50B9F3} = {2BCB328C-8A0C-404C-90C0-6CBA8761D830}
		{6CEB4481-C16A-468F-AF01-79FCCE5EDD2B} = {20CD3789-63B3-4AF1-9713-1F1DCB8AA848}
		{FA971DB2-7505-4796-994C-DBC08556DCD0} = {6CEB4481-C16A-468F-AF01-79FCCE5EDD2B}
		{8148523A-206E-4EB7-9C04-7A3EE950171F} = {6C1686B1-BB19-470D-8BB6-F7BBE51C5D46}
		{3A6BF410-6C6D-4F74-89E6-BAB7966CD3C4} = {F7D8291D-B952-46BA-8334-1A3B3102EEB3}
		{529CE89C-A374-4009-86AC-8E6AA8EA0D91} = {2BCB328C-8A0C-404C-90C0-6CBA8761D830}
		{6CE59CD9-7B96-4E4E-98A5-D5830D8E1203} = {301C192F-DAC8-4C98-B34C-FA282602914B}
		{96F0CB09-1BA8-4F07-A7DD-36F3A2CA7CAC} = {E209A27D-DC61-4C5E-84A8-22C442A9A3A8}
	EndGlobalSection
	GlobalSection(ExtensibilityGlobals) = postSolution
		SolutionGuid = {D062C745-11A0-4261-B0B3-11E49DAEAACF}
	EndGlobalSection
EndGlobal
