
Microsoft Visual Studio Solution File, Format Version 12.00
# Visual Studio Version 16
VisualStudioVersion = 16.0.30711.63
MinimumVisualStudioVersion = 10.0.40219.1
Project("{2150E333-8FDC-42A3-9474-1A3956D46DE8}") = "Users", "Users", "{5A177779-14A5-4A49-85A8-D16D13C83656}"
EndProject
Project("{9A19103F-16F7-4668-BE54-9A1E7A4F7556}") = "Users.Application", "Users\Users.Application\Users.Application.csproj", "{65163593-2E92-4347-B2C4-1033ED9976A2}"
EndProject
Project("{9A19103F-16F7-4668-BE54-9A1E7A4F7556}") = "Users.Domain", "Users\Users.Domain\Users.Domain.csproj", "{9B75D5A7-0513-41A0-BD2D-2D27C2DA5298}"
EndProject
Project("{2150E333-8FDC-42A3-9474-1A3956D46DE8}") = "Core", "Core", "{5D2F94BB-A66B-4F51-99C7-E3C15032EE4D}"
EndProject
Project("{9A19103F-16F7-4668-BE54-9A1E7A4F7556}") = "Core.Application", "Core\Core.Application\Core.Application.csproj", "{55CF7815-68FD-41A5-B3B5-E0304924012A}"
EndProject
Project("{9A19103F-16F7-4668-BE54-9A1E7A4F7556}") = "Core.Domain", "Core\Core.Domain\Core.Domain.csproj", "{09C59530-1D26-49B2-82B4-7E6FB17B3DC3}"
EndProject
Project("{9A19103F-16F7-4668-BE54-9A1E7A4F7556}") = "Users.Database", "Users\Users.Database\Users.Database.csproj", "{1750C159-07D4-45D3-AC09-DB61C50851BD}"
EndProject
Project("{9A19103F-16F7-4668-BE54-9A1E7A4F7556}") = "Core.Api", "Core\Core.Api\Core.Api.csproj", "{0ACEFB13-7D33-43A3-94EE-04B5E7DB63B4}"
EndProject
Project("{9A19103F-16F7-4668-BE54-9A1E7A4F7556}") = "Users.Api", "Users\Users.Api\Users.Api\Users.Api.csproj", "{DF7B3DEE-29DB-4F2D-9E95-A802F2F70BB4}"
EndProject
Project("{9A19103F-16F7-4668-BE54-9A1E7A4F7556}") = "Api", "Api\Api.csproj", "{E7B9FEDD-9B1E-412C-B579-CEA1E3375D20}"
EndProject
Project("{2150E333-8FDC-42A3-9474-1A3956D46DE8}") = "Groups", "Groups", "{4CECBF14-5E13-47E0-BEB7-0BAB27A32A45}"
EndProject
Project("{9A19103F-16F7-4668-BE54-9A1E7A4F7556}") = "Groups.Api", "Groups\Groups.Api\Groups.Api.csproj", "{D6FFFF10-FF6A-4392-93F9-6538739243BD}"
EndProject
Project("{9A19103F-16F7-4668-BE54-9A1E7A4F7556}") = "Groups.Domain", "Groups\Groups.Domain\Groups.Domain.csproj", "{1A3BD494-B19E-4BAE-B4CD-255EC436FE45}"
EndProject
Project("{9A19103F-16F7-4668-BE54-9A1E7A4F7556}") = "Groups.Database", "Groups\Groups.Database\Groups.Database.csproj", "{10C6900D-6291-45EE-B4F4-FE75F3393B60}"
EndProject
Project("{2150E333-8FDC-42A3-9474-1A3956D46DE8}") = "Info", "Info", "{D3DE74C2-D672-40A7-A45E-E146EF28B6C9}"
	ProjectSection(SolutionItems) = preProject
		README.txt = README.txt
	EndProjectSection
EndProject
Project("{FAE04EC0-301F-11D3-BF4B-00C04F79EFBC}") = "Core.Database", "Core\Core.Database\Core.Database.csproj", "{40596C7B-7A56-4006-B86E-E8EA2092FB25}"
EndProject
Global
	GlobalSection(SolutionConfigurationPlatforms) = preSolution
		Debug|Any CPU = Debug|Any CPU
		Release|Any CPU = Release|Any CPU
	EndGlobalSection
	GlobalSection(ProjectConfigurationPlatforms) = postSolution
		{65163593-2E92-4347-B2C4-1033ED9976A2}.Debug|Any CPU.ActiveCfg = Debug|Any CPU
		{65163593-2E92-4347-B2C4-1033ED9976A2}.Debug|Any CPU.Build.0 = Debug|Any CPU
		{65163593-2E92-4347-B2C4-1033ED9976A2}.Release|Any CPU.ActiveCfg = Release|Any CPU
		{65163593-2E92-4347-B2C4-1033ED9976A2}.Release|Any CPU.Build.0 = Release|Any CPU
		{9B75D5A7-0513-41A0-BD2D-2D27C2DA5298}.Debug|Any CPU.ActiveCfg = Debug|Any CPU
		{9B75D5A7-0513-41A0-BD2D-2D27C2DA5298}.Debug|Any CPU.Build.0 = Debug|Any CPU
		{9B75D5A7-0513-41A0-BD2D-2D27C2DA5298}.Release|Any CPU.ActiveCfg = Release|Any CPU
		{9B75D5A7-0513-41A0-BD2D-2D27C2DA5298}.Release|Any CPU.Build.0 = Release|Any CPU
		{55CF7815-68FD-41A5-B3B5-E0304924012A}.Debug|Any CPU.ActiveCfg = Debug|Any CPU
		{55CF7815-68FD-41A5-B3B5-E0304924012A}.Debug|Any CPU.Build.0 = Debug|Any CPU
		{55CF7815-68FD-41A5-B3B5-E0304924012A}.Release|Any CPU.ActiveCfg = Release|Any CPU
		{55CF7815-68FD-41A5-B3B5-E0304924012A}.Release|Any CPU.Build.0 = Release|Any CPU
		{09C59530-1D26-49B2-82B4-7E6FB17B3DC3}.Debug|Any CPU.ActiveCfg = Debug|Any CPU
		{09C59530-1D26-49B2-82B4-7E6FB17B3DC3}.Debug|Any CPU.Build.0 = Debug|Any CPU
		{09C59530-1D26-49B2-82B4-7E6FB17B3DC3}.Release|Any CPU.ActiveCfg = Release|Any CPU
		{09C59530-1D26-49B2-82B4-7E6FB17B3DC3}.Release|Any CPU.Build.0 = Release|Any CPU
		{1750C159-07D4-45D3-AC09-DB61C50851BD}.Debug|Any CPU.ActiveCfg = Debug|Any CPU
		{1750C159-07D4-45D3-AC09-DB61C50851BD}.Debug|Any CPU.Build.0 = Debug|Any CPU
		{1750C159-07D4-45D3-AC09-DB61C50851BD}.Release|Any CPU.ActiveCfg = Release|Any CPU
		{1750C159-07D4-45D3-AC09-DB61C50851BD}.Release|Any CPU.Build.0 = Release|Any CPU
		{0ACEFB13-7D33-43A3-94EE-04B5E7DB63B4}.Debug|Any CPU.ActiveCfg = Debug|Any CPU
		{0ACEFB13-7D33-43A3-94EE-04B5E7DB63B4}.Debug|Any CPU.Build.0 = Debug|Any CPU
		{0ACEFB13-7D33-43A3-94EE-04B5E7DB63B4}.Release|Any CPU.ActiveCfg = Release|Any CPU
		{0ACEFB13-7D33-43A3-94EE-04B5E7DB63B4}.Release|Any CPU.Build.0 = Release|Any CPU
		{DF7B3DEE-29DB-4F2D-9E95-A802F2F70BB4}.Debug|Any CPU.ActiveCfg = Debug|Any CPU
		{DF7B3DEE-29DB-4F2D-9E95-A802F2F70BB4}.Debug|Any CPU.Build.0 = Debug|Any CPU
		{DF7B3DEE-29DB-4F2D-9E95-A802F2F70BB4}.Release|Any CPU.ActiveCfg = Release|Any CPU
		{DF7B3DEE-29DB-4F2D-9E95-A802F2F70BB4}.Release|Any CPU.Build.0 = Release|Any CPU
		{E7B9FEDD-9B1E-412C-B579-CEA1E3375D20}.Debug|Any CPU.ActiveCfg = Debug|Any CPU
		{E7B9FEDD-9B1E-412C-B579-CEA1E3375D20}.Debug|Any CPU.Build.0 = Debug|Any CPU
		{E7B9FEDD-9B1E-412C-B579-CEA1E3375D20}.Release|Any CPU.ActiveCfg = Release|Any CPU
		{E7B9FEDD-9B1E-412C-B579-CEA1E3375D20}.Release|Any CPU.Build.0 = Release|Any CPU
		{D6FFFF10-FF6A-4392-93F9-6538739243BD}.Debug|Any CPU.ActiveCfg = Debug|Any CPU
		{D6FFFF10-FF6A-4392-93F9-6538739243BD}.Debug|Any CPU.Build.0 = Debug|Any CPU
		{D6FFFF10-FF6A-4392-93F9-6538739243BD}.Release|Any CPU.ActiveCfg = Release|Any CPU
		{D6FFFF10-FF6A-4392-93F9-6538739243BD}.Release|Any CPU.Build.0 = Release|Any CPU
		{1A3BD494-B19E-4BAE-B4CD-255EC436FE45}.Debug|Any CPU.ActiveCfg = Debug|Any CPU
		{1A3BD494-B19E-4BAE-B4CD-255EC436FE45}.Debug|Any CPU.Build.0 = Debug|Any CPU
		{1A3BD494-B19E-4BAE-B4CD-255EC436FE45}.Release|Any CPU.ActiveCfg = Release|Any CPU
		{1A3BD494-B19E-4BAE-B4CD-255EC436FE45}.Release|Any CPU.Build.0 = Release|Any CPU
		{10C6900D-6291-45EE-B4F4-FE75F3393B60}.Debug|Any CPU.ActiveCfg = Debug|Any CPU
		{10C6900D-6291-45EE-B4F4-FE75F3393B60}.Debug|Any CPU.Build.0 = Debug|Any CPU
		{10C6900D-6291-45EE-B4F4-FE75F3393B60}.Release|Any CPU.ActiveCfg = Release|Any CPU
		{10C6900D-6291-45EE-B4F4-FE75F3393B60}.Release|Any CPU.Build.0 = Release|Any CPU
		{40596C7B-7A56-4006-B86E-E8EA2092FB25}.Debug|Any CPU.ActiveCfg = Debug|Any CPU
		{40596C7B-7A56-4006-B86E-E8EA2092FB25}.Debug|Any CPU.Build.0 = Debug|Any CPU
		{40596C7B-7A56-4006-B86E-E8EA2092FB25}.Release|Any CPU.ActiveCfg = Release|Any CPU
		{40596C7B-7A56-4006-B86E-E8EA2092FB25}.Release|Any CPU.Build.0 = Release|Any CPU
	EndGlobalSection
	GlobalSection(SolutionProperties) = preSolution
		HideSolutionNode = FALSE
	EndGlobalSection
	GlobalSection(NestedProjects) = preSolution
		{65163593-2E92-4347-B2C4-1033ED9976A2} = {5A177779-14A5-4A49-85A8-D16D13C83656}
		{9B75D5A7-0513-41A0-BD2D-2D27C2DA5298} = {5A177779-14A5-4A49-85A8-D16D13C83656}
		{55CF7815-68FD-41A5-B3B5-E0304924012A} = {5D2F94BB-A66B-4F51-99C7-E3C15032EE4D}
		{09C59530-1D26-49B2-82B4-7E6FB17B3DC3} = {5D2F94BB-A66B-4F51-99C7-E3C15032EE4D}
		{1750C159-07D4-45D3-AC09-DB61C50851BD} = {5A177779-14A5-4A49-85A8-D16D13C83656}
		{0ACEFB13-7D33-43A3-94EE-04B5E7DB63B4} = {5D2F94BB-A66B-4F51-99C7-E3C15032EE4D}
		{DF7B3DEE-29DB-4F2D-9E95-A802F2F70BB4} = {5A177779-14A5-4A49-85A8-D16D13C83656}
		{D6FFFF10-FF6A-4392-93F9-6538739243BD} = {4CECBF14-5E13-47E0-BEB7-0BAB27A32A45}
		{1A3BD494-B19E-4BAE-B4CD-255EC436FE45} = {4CECBF14-5E13-47E0-BEB7-0BAB27A32A45}
		{10C6900D-6291-45EE-B4F4-FE75F3393B60} = {4CECBF14-5E13-47E0-BEB7-0BAB27A32A45}
		{40596C7B-7A56-4006-B86E-E8EA2092FB25} = {5D2F94BB-A66B-4F51-99C7-E3C15032EE4D}
	EndGlobalSection
	GlobalSection(ExtensibilityGlobals) = postSolution
		SolutionGuid = {D062C745-11A0-4261-B0B3-11E49DAEAACF}
	EndGlobalSection
EndGlobal
